
Microsoft Visual Studio Solution File, Format Version 12.00
# Visual Studio Version 16
VisualStudioVersion = 16.0.31729.503
MinimumVisualStudioVersion = 10.0.40219.1
Project("{9A19103F-16F7-4668-BE54-9A1E7A4F7556}") = "CICLO FOR 1", "CICLO FOR 1\CICLO FOR 1.csproj", "{655112E1-7456-4A69-954C-018413EED436}"
EndProject
Project("{9A19103F-16F7-4668-BE54-9A1E7A4F7556}") = "CICLO FOR 2", "CICLO FOR 2\CICLO FOR 2.csproj", "{0F731ECF-B4F5-47FD-8B9B-A1AE01447BC0}"
EndProject
Project("{9A19103F-16F7-4668-BE54-9A1E7A4F7556}") = "CICLO FOR 3", "CICLO FOR 3\CICLO FOR 3.csproj", "{2BD48A54-C9B7-4273-81DE-188B7DE1CA91}"
EndProject
Project("{9A19103F-16F7-4668-BE54-9A1E7A4F7556}") = "CICLO FOR 4", "CICLO FOR 4\CICLO FOR 4.csproj", "{143FF439-B22D-4E9E-A050-DFC9F9B94AD9}"
EndProject
Project("{9A19103F-16F7-4668-BE54-9A1E7A4F7556}") = "CICLO FOR 5", "CICLO FOR 5\CICLO FOR 5.csproj", "{537F4D8B-9FD8-45E4-8C32-A55F48516122}"
EndProject
Project("{9A19103F-16F7-4668-BE54-9A1E7A4F7556}") = "CICLO FOR 6", "CICLO FOR 6\CICLO FOR 6.csproj", "{A836FB39-2EAD-41D2-ADB4-60DB7BFFB376}"
EndProject
Project("{9A19103F-16F7-4668-BE54-9A1E7A4F7556}") = "CICLO FOR 7", "CICLO FOR 7\CICLO FOR 7.csproj", "{2AC40342-FDAC-44A3-821F-CD2BA3448B62}"
EndProject
Project("{9A19103F-16F7-4668-BE54-9A1E7A4F7556}") = "CICLO FOR 8", "CICLO FOR 8\CICLO FOR 8.csproj", "{32F75FD0-03FC-411F-8A33-8966CB544340}"
EndProject
Project("{9A19103F-16F7-4668-BE54-9A1E7A4F7556}") = "CICLO WHILE 1", "CICLO WHILE 1\CICLO WHILE 1.csproj", "{B2192F95-F7B0-4C1F-A99A-3BF17DB5A34C}"
EndProject
Project("{9A19103F-16F7-4668-BE54-9A1E7A4F7556}") = "CICLO WHILE 2", "CICLO WHILE 2\CICLO WHILE 2.csproj", "{C64D7016-E39E-41EF-B27D-BDF74DECB15E}"
EndProject
Project("{9A19103F-16F7-4668-BE54-9A1E7A4F7556}") = "CICLO WHILE 3", "CICLO WHILE 3\CICLO WHILE 3.csproj", "{7612804F-AF9F-49E5-B8EF-6C9A15EF3134}"
EndProject
Project("{9A19103F-16F7-4668-BE54-9A1E7A4F7556}") = "CICLOS WHILE 4", "CICLOS WHILE 4\CICLOS WHILE 4.csproj", "{BE193C61-3B45-4E5F-9A13-1FF566813660}"
EndProject
Project("{9A19103F-16F7-4668-BE54-9A1E7A4F7556}") = "CICLO WHILE 5", "CICLO WHILE 5\CICLO WHILE 5.csproj", "{EAB5CA1A-084D-4E23-810D-723A7D5985F3}"
EndProject
Project("{9A19103F-16F7-4668-BE54-9A1E7A4F7556}") = "CICLO WHILE 6", "CICLO WHILE 6\CICLO WHILE 6.csproj", "{C2153ED8-C4E4-4B89-928D-26AC0DD2C14B}"
EndProject
Project("{9A19103F-16F7-4668-BE54-9A1E7A4F7556}") = "CICLO WHILE 7", "CICLO WHILE 7\CICLO WHILE 7.csproj", "{03E9A109-6621-4CC7-B0CB-E914DE508811}"
EndProject
Project("{9A19103F-16F7-4668-BE54-9A1E7A4F7556}") = "CICLO WHILE 8", "CICLO WHILE 8\CICLO WHILE 8.csproj", "{4801EB81-A080-43E7-BB96-08247ED9AB12}"
EndProject
Project("{FAE04EC0-301F-11D3-BF4B-00C04F79EFBC}") = "DO-WHILE 1", "DO-WHILE 1\DO-WHILE 1.csproj", "{9ED709AB-8C37-4046-9CA7-1CCF27541D62}"
EndProject
Project("{FAE04EC0-301F-11D3-BF4B-00C04F79EFBC}") = "DO-WHILE 2", "DO-WHILE 2\DO-WHILE 2.csproj", "{11A3AD95-54DF-4C61-8AD3-F92DC06CC5E6}"
EndProject
Project("{FAE04EC0-301F-11D3-BF4B-00C04F79EFBC}") = "DO-WHILE 3", "DO-WHILE 3\DO-WHILE 3.csproj", "{632C0889-0D26-489C-A584-69283AED556C}"
EndProject
Project("{FAE04EC0-301F-11D3-BF4B-00C04F79EFBC}") = "DO-WHILE 4", "DO-WHILE 4\DO-WHILE 4.csproj", "{556B8BA0-894C-4156-A4C5-E244F0038C54}"
EndProject
Project("{FAE04EC0-301F-11D3-BF4B-00C04F79EFBC}") = "DO-WHILE 5", "DO-WHILE 5\DO-WHILE 5.csproj", "{8E2D1494-5A5D-4139-AFE6-EFBCC7B1D2FB}"
EndProject
Project("{FAE04EC0-301F-11D3-BF4B-00C04F79EFBC}") = "DO-WHILE 6", "DO-WHILE 6\DO-WHILE 6.csproj", "{A93C6D36-8202-490B-9D3D-CB0AB2FC8263}"
EndProject
Project("{FAE04EC0-301F-11D3-BF4B-00C04F79EFBC}") = "DO-WHILE 7", "DO-WHILE 7\DO-WHILE 7.csproj", "{ED6D2684-98AF-41F1-B83D-C4915A6F5385}"
EndProject
Project("{FAE04EC0-301F-11D3-BF4B-00C04F79EFBC}") = "DO-WHILE 8", "DO-WHILE 8\DO-WHILE 8.csproj", "{D00562F7-A211-4D46-B2AB-DCE99ACFA816}"
EndProject
Project("{FAE04EC0-301F-11D3-BF4B-00C04F79EFBC}") = "DO-WHILE 9", "DO-WHILE 9\DO-WHILE 9.csproj", "{A3001053-71AE-417A-9EBC-016449D75FE4}"
EndProject
Global
	GlobalSection(SolutionConfigurationPlatforms) = preSolution
		Debug|Any CPU = Debug|Any CPU
		Release|Any CPU = Release|Any CPU
	EndGlobalSection
	GlobalSection(ProjectConfigurationPlatforms) = postSolution
		{655112E1-7456-4A69-954C-018413EED436}.Debug|Any CPU.ActiveCfg = Debug|Any CPU
		{655112E1-7456-4A69-954C-018413EED436}.Debug|Any CPU.Build.0 = Debug|Any CPU
		{655112E1-7456-4A69-954C-018413EED436}.Release|Any CPU.ActiveCfg = Release|Any CPU
		{655112E1-7456-4A69-954C-018413EED436}.Release|Any CPU.Build.0 = Release|Any CPU
		{0F731ECF-B4F5-47FD-8B9B-A1AE01447BC0}.Debug|Any CPU.ActiveCfg = Debug|Any CPU
		{0F731ECF-B4F5-47FD-8B9B-A1AE01447BC0}.Debug|Any CPU.Build.0 = Debug|Any CPU
		{0F731ECF-B4F5-47FD-8B9B-A1AE01447BC0}.Release|Any CPU.ActiveCfg = Release|Any CPU
		{0F731ECF-B4F5-47FD-8B9B-A1AE01447BC0}.Release|Any CPU.Build.0 = Release|Any CPU
		{2BD48A54-C9B7-4273-81DE-188B7DE1CA91}.Debug|Any CPU.ActiveCfg = Debug|Any CPU
		{2BD48A54-C9B7-4273-81DE-188B7DE1CA91}.Debug|Any CPU.Build.0 = Debug|Any CPU
		{2BD48A54-C9B7-4273-81DE-188B7DE1CA91}.Release|Any CPU.ActiveCfg = Release|Any CPU
		{2BD48A54-C9B7-4273-81DE-188B7DE1CA91}.Release|Any CPU.Build.0 = Release|Any CPU
		{143FF439-B22D-4E9E-A050-DFC9F9B94AD9}.Debug|Any CPU.ActiveCfg = Debug|Any CPU
		{143FF439-B22D-4E9E-A050-DFC9F9B94AD9}.Debug|Any CPU.Build.0 = Debug|Any CPU
		{143FF439-B22D-4E9E-A050-DFC9F9B94AD9}.Release|Any CPU.ActiveCfg = Release|Any CPU
		{143FF439-B22D-4E9E-A050-DFC9F9B94AD9}.Release|Any CPU.Build.0 = Release|Any CPU
		{537F4D8B-9FD8-45E4-8C32-A55F48516122}.Debug|Any CPU.ActiveCfg = Debug|Any CPU
		{537F4D8B-9FD8-45E4-8C32-A55F48516122}.Debug|Any CPU.Build.0 = Debug|Any CPU
		{537F4D8B-9FD8-45E4-8C32-A55F48516122}.Release|Any CPU.ActiveCfg = Release|Any CPU
		{537F4D8B-9FD8-45E4-8C32-A55F48516122}.Release|Any CPU.Build.0 = Release|Any CPU
		{A836FB39-2EAD-41D2-ADB4-60DB7BFFB376}.Debug|Any CPU.ActiveCfg = Debug|Any CPU
		{A836FB39-2EAD-41D2-ADB4-60DB7BFFB376}.Debug|Any CPU.Build.0 = Debug|Any CPU
		{A836FB39-2EAD-41D2-ADB4-60DB7BFFB376}.Release|Any CPU.ActiveCfg = Release|Any CPU
		{A836FB39-2EAD-41D2-ADB4-60DB7BFFB376}.Release|Any CPU.Build.0 = Release|Any CPU
		{2AC40342-FDAC-44A3-821F-CD2BA3448B62}.Debug|Any CPU.ActiveCfg = Debug|Any CPU
		{2AC40342-FDAC-44A3-821F-CD2BA3448B62}.Debug|Any CPU.Build.0 = Debug|Any CPU
		{2AC40342-FDAC-44A3-821F-CD2BA3448B62}.Release|Any CPU.ActiveCfg = Release|Any CPU
		{2AC40342-FDAC-44A3-821F-CD2BA3448B62}.Release|Any CPU.Build.0 = Release|Any CPU
		{32F75FD0-03FC-411F-8A33-8966CB544340}.Debug|Any CPU.ActiveCfg = Debug|Any CPU
		{32F75FD0-03FC-411F-8A33-8966CB544340}.Debug|Any CPU.Build.0 = Debug|Any CPU
		{32F75FD0-03FC-411F-8A33-8966CB544340}.Release|Any CPU.ActiveCfg = Release|Any CPU
		{32F75FD0-03FC-411F-8A33-8966CB544340}.Release|Any CPU.Build.0 = Release|Any CPU
		{B2192F95-F7B0-4C1F-A99A-3BF17DB5A34C}.Debug|Any CPU.ActiveCfg = Debug|Any CPU
		{B2192F95-F7B0-4C1F-A99A-3BF17DB5A34C}.Debug|Any CPU.Build.0 = Debug|Any CPU
		{B2192F95-F7B0-4C1F-A99A-3BF17DB5A34C}.Release|Any CPU.ActiveCfg = Release|Any CPU
		{B2192F95-F7B0-4C1F-A99A-3BF17DB5A34C}.Release|Any CPU.Build.0 = Release|Any CPU
		{C64D7016-E39E-41EF-B27D-BDF74DECB15E}.Debug|Any CPU.ActiveCfg = Debug|Any CPU
		{C64D7016-E39E-41EF-B27D-BDF74DECB15E}.Debug|Any CPU.Build.0 = Debug|Any CPU
		{C64D7016-E39E-41EF-B27D-BDF74DECB15E}.Release|Any CPU.ActiveCfg = Release|Any CPU
		{C64D7016-E39E-41EF-B27D-BDF74DECB15E}.Release|Any CPU.Build.0 = Release|Any CPU
		{7612804F-AF9F-49E5-B8EF-6C9A15EF3134}.Debug|Any CPU.ActiveCfg = Debug|Any CPU
		{7612804F-AF9F-49E5-B8EF-6C9A15EF3134}.Debug|Any CPU.Build.0 = Debug|Any CPU
		{7612804F-AF9F-49E5-B8EF-6C9A15EF3134}.Release|Any CPU.ActiveCfg = Release|Any CPU
		{7612804F-AF9F-49E5-B8EF-6C9A15EF3134}.Release|Any CPU.Build.0 = Release|Any CPU
		{BE193C61-3B45-4E5F-9A13-1FF566813660}.Debug|Any CPU.ActiveCfg = Debug|Any CPU
		{BE193C61-3B45-4E5F-9A13-1FF566813660}.Debug|Any CPU.Build.0 = Debug|Any CPU
		{BE193C61-3B45-4E5F-9A13-1FF566813660}.Release|Any CPU.ActiveCfg = Release|Any CPU
		{BE193C61-3B45-4E5F-9A13-1FF566813660}.Release|Any CPU.Build.0 = Release|Any CPU
		{EAB5CA1A-084D-4E23-810D-723A7D5985F3}.Debug|Any CPU.ActiveCfg = Debug|Any CPU
		{EAB5CA1A-084D-4E23-810D-723A7D5985F3}.Debug|Any CPU.Build.0 = Debug|Any CPU
		{EAB5CA1A-084D-4E23-810D-723A7D5985F3}.Release|Any CPU.ActiveCfg = Release|Any CPU
		{EAB5CA1A-084D-4E23-810D-723A7D5985F3}.Release|Any CPU.Build.0 = Release|Any CPU
		{C2153ED8-C4E4-4B89-928D-26AC0DD2C14B}.Debug|Any CPU.ActiveCfg = Debug|Any CPU
		{C2153ED8-C4E4-4B89-928D-26AC0DD2C14B}.Debug|Any CPU.Build.0 = Debug|Any CPU
		{C2153ED8-C4E4-4B89-928D-26AC0DD2C14B}.Release|Any CPU.ActiveCfg = Release|Any CPU
		{C2153ED8-C4E4-4B89-928D-26AC0DD2C14B}.Release|Any CPU.Build.0 = Release|Any CPU
		{03E9A109-6621-4CC7-B0CB-E914DE508811}.Debug|Any CPU.ActiveCfg = Debug|Any CPU
		{03E9A109-6621-4CC7-B0CB-E914DE508811}.Debug|Any CPU.Build.0 = Debug|Any CPU
		{03E9A109-6621-4CC7-B0CB-E914DE508811}.Release|Any CPU.ActiveCfg = Release|Any CPU
		{03E9A109-6621-4CC7-B0CB-E914DE508811}.Release|Any CPU.Build.0 = Release|Any CPU
		{4801EB81-A080-43E7-BB96-08247ED9AB12}.Debug|Any CPU.ActiveCfg = Debug|Any CPU
		{4801EB81-A080-43E7-BB96-08247ED9AB12}.Debug|Any CPU.Build.0 = Debug|Any CPU
		{4801EB81-A080-43E7-BB96-08247ED9AB12}.Release|Any CPU.ActiveCfg = Release|Any CPU
		{4801EB81-A080-43E7-BB96-08247ED9AB12}.Release|Any CPU.Build.0 = Release|Any CPU
		{9ED709AB-8C37-4046-9CA7-1CCF27541D62}.Debug|Any CPU.ActiveCfg = Debug|Any CPU
		{9ED709AB-8C37-4046-9CA7-1CCF27541D62}.Debug|Any CPU.Build.0 = Debug|Any CPU
		{9ED709AB-8C37-4046-9CA7-1CCF27541D62}.Release|Any CPU.ActiveCfg = Release|Any CPU
		{9ED709AB-8C37-4046-9CA7-1CCF27541D62}.Release|Any CPU.Build.0 = Release|Any CPU
		{11A3AD95-54DF-4C61-8AD3-F92DC06CC5E6}.Debug|Any CPU.ActiveCfg = Debug|Any CPU
		{11A3AD95-54DF-4C61-8AD3-F92DC06CC5E6}.Debug|Any CPU.Build.0 = Debug|Any CPU
		{11A3AD95-54DF-4C61-8AD3-F92DC06CC5E6}.Release|Any CPU.ActiveCfg = Release|Any CPU
		{11A3AD95-54DF-4C61-8AD3-F92DC06CC5E6}.Release|Any CPU.Build.0 = Release|Any CPU
		{632C0889-0D26-489C-A584-69283AED556C}.Debug|Any CPU.ActiveCfg = Debug|Any CPU
		{632C0889-0D26-489C-A584-69283AED556C}.Debug|Any CPU.Build.0 = Debug|Any CPU
		{632C0889-0D26-489C-A584-69283AED556C}.Release|Any CPU.ActiveCfg = Release|Any CPU
		{632C0889-0D26-489C-A584-69283AED556C}.Release|Any CPU.Build.0 = Release|Any CPU
		{556B8BA0-894C-4156-A4C5-E244F0038C54}.Debug|Any CPU.ActiveCfg = Debug|Any CPU
		{556B8BA0-894C-4156-A4C5-E244F0038C54}.Debug|Any CPU.Build.0 = Debug|Any CPU
		{556B8BA0-894C-4156-A4C5-E244F0038C54}.Release|Any CPU.ActiveCfg = Release|Any CPU
		{556B8BA0-894C-4156-A4C5-E244F0038C54}.Release|Any CPU.Build.0 = Release|Any CPU
		{8E2D1494-5A5D-4139-AFE6-EFBCC7B1D2FB}.Debug|Any CPU.ActiveCfg = Debug|Any CPU
		{8E2D1494-5A5D-4139-AFE6-EFBCC7B1D2FB}.Debug|Any CPU.Build.0 = Debug|Any CPU
		{8E2D1494-5A5D-4139-AFE6-EFBCC7B1D2FB}.Release|Any CPU.ActiveCfg = Release|Any CPU
		{8E2D1494-5A5D-4139-AFE6-EFBCC7B1D2FB}.Release|Any CPU.Build.0 = Release|Any CPU
		{A93C6D36-8202-490B-9D3D-CB0AB2FC8263}.Debug|Any CPU.ActiveCfg = Debug|Any CPU
		{A93C6D36-8202-490B-9D3D-CB0AB2FC8263}.Debug|Any CPU.Build.0 = Debug|Any CPU
		{A93C6D36-8202-490B-9D3D-CB0AB2FC8263}.Release|Any CPU.ActiveCfg = Release|Any CPU
		{A93C6D36-8202-490B-9D3D-CB0AB2FC8263}.Release|Any CPU.Build.0 = Release|Any CPU
		{ED6D2684-98AF-41F1-B83D-C4915A6F5385}.Debug|Any CPU.ActiveCfg = Debug|Any CPU
		{ED6D2684-98AF-41F1-B83D-C4915A6F5385}.Debug|Any CPU.Build.0 = Debug|Any CPU
		{ED6D2684-98AF-41F1-B83D-C4915A6F5385}.Release|Any CPU.ActiveCfg = Release|Any CPU
		{ED6D2684-98AF-41F1-B83D-C4915A6F5385}.Release|Any CPU.Build.0 = Release|Any CPU
		{D00562F7-A211-4D46-B2AB-DCE99ACFA816}.Debug|Any CPU.ActiveCfg = Debug|Any CPU
		{D00562F7-A211-4D46-B2AB-DCE99ACFA816}.Debug|Any CPU.Build.0 = Debug|Any CPU
		{D00562F7-A211-4D46-B2AB-DCE99ACFA816}.Release|Any CPU.ActiveCfg = Release|Any CPU
		{D00562F7-A211-4D46-B2AB-DCE99ACFA816}.Release|Any CPU.Build.0 = Release|Any CPU
		{A3001053-71AE-417A-9EBC-016449D75FE4}.Debug|Any CPU.ActiveCfg = Debug|Any CPU
		{A3001053-71AE-417A-9EBC-016449D75FE4}.Debug|Any CPU.Build.0 = Debug|Any CPU
		{A3001053-71AE-417A-9EBC-016449D75FE4}.Release|Any CPU.ActiveCfg = Release|Any CPU
		{A3001053-71AE-417A-9EBC-016449D75FE4}.Release|Any CPU.Build.0 = Release|Any CPU
	EndGlobalSection
	GlobalSection(SolutionProperties) = preSolution
		HideSolutionNode = FALSE
	EndGlobalSection
	GlobalSection(ExtensibilityGlobals) = postSolution
		SolutionGuid = {28789798-2D09-4720-ACB5-9FBFC5295A81}
	EndGlobalSection
EndGlobal
