
Microsoft Visual Studio Solution File, Format Version 12.00
# Visual Studio Version 16
VisualStudioVersion = 16.0.31729.503
MinimumVisualStudioVersion = 10.0.40219.1
Project("{FAE04EC0-301F-11D3-BF4B-00C04F79EFBC}") = "EJERCICIO", "EJERCICIO\EJERCICIO.csproj", "{C161A7C0-5DA5-4981-8D96-EDB601F9C3FA}"
EndProject
Project("{FAE04EC0-301F-11D3-BF4B-00C04F79EFBC}") = "EJERCICIO_2", "EJERCICIO_2\EJERCICIO_2.csproj", "{4DD4368C-7FA4-4EF3-9267-23532FE82A15}"
EndProject
Global
	GlobalSection(SolutionConfigurationPlatforms) = preSolution
		Debug|Any CPU = Debug|Any CPU
		Release|Any CPU = Release|Any CPU
	EndGlobalSection
	GlobalSection(ProjectConfigurationPlatforms) = postSolution
		{C161A7C0-5DA5-4981-8D96-EDB601F9C3FA}.Debug|Any CPU.ActiveCfg = Debug|Any CPU
		{C161A7C0-5DA5-4981-8D96-EDB601F9C3FA}.Debug|Any CPU.Build.0 = Debug|Any CPU
		{C161A7C0-5DA5-4981-8D96-EDB601F9C3FA}.Release|Any CPU.ActiveCfg = Release|Any CPU
		{C161A7C0-5DA5-4981-8D96-EDB601F9C3FA}.Release|Any CPU.Build.0 = Release|Any CPU
		{4DD4368C-7FA4-4EF3-9267-23532FE82A15}.Debug|Any CPU.ActiveCfg = Debug|Any CPU
		{4DD4368C-7FA4-4EF3-9267-23532FE82A15}.Debug|Any CPU.Build.0 = Debug|Any CPU
		{4DD4368C-7FA4-4EF3-9267-23532FE82A15}.Release|Any CPU.ActiveCfg = Release|Any CPU
		{4DD4368C-7FA4-4EF3-9267-23532FE82A15}.Release|Any CPU.Build.0 = Release|Any CPU
	EndGlobalSection
	GlobalSection(SolutionProperties) = preSolution
		HideSolutionNode = FALSE
	EndGlobalSection
	GlobalSection(ExtensibilityGlobals) = postSolution
		SolutionGuid = {E267FD89-EDA9-4E42-A312-230240B77223}
	EndGlobalSection
EndGlobal
